// !$*UTF8*$!
{
	archiveVersion = 1;
	classes = {
	};
	objectVersion = 50;
	objects = {

/* Begin PBXBuildFile section */
		64CAA105217A46E800B24666 /* AppDelegate.swift in Sources */ = {isa = PBXBuildFile; fileRef = 64CAA104217A46E800B24666 /* AppDelegate.swift */; };
		64CAA107217A46E800B24666 /* ViewController.swift in Sources */ = {isa = PBXBuildFile; fileRef = 64CAA106217A46E800B24666 /* ViewController.swift */; };
		64CAA10A217A46E800B24666 /* Main.storyboard in Resources */ = {isa = PBXBuildFile; fileRef = 64CAA108217A46E800B24666 /* Main.storyboard */; };
		64CAA10D217A46E800B24666 /* NewsApplication.xcdatamodeld in Sources */ = {isa = PBXBuildFile; fileRef = 64CAA10B217A46E800B24666 /* NewsApplication.xcdatamodeld */; };
		64CAA10F217A46E900B24666 /* Assets.xcassets in Resources */ = {isa = PBXBuildFile; fileRef = 64CAA10E217A46E900B24666 /* Assets.xcassets */; };
		64CAA112217A46E900B24666 /* LaunchScreen.storyboard in Resources */ = {isa = PBXBuildFile; fileRef = 64CAA110217A46E900B24666 /* LaunchScreen.storyboard */; };
		64CAA11D217A46E900B24666 /* NewsApplicationTests.swift in Sources */ = {isa = PBXBuildFile; fileRef = 64CAA11C217A46E900B24666 /* NewsApplicationTests.swift */; };
		64CAA128217A46E900B24666 /* NewsApplicationUITests.swift in Sources */ = {isa = PBXBuildFile; fileRef = 64CAA127217A46E900B24666 /* NewsApplicationUITests.swift */; };
/* End PBXBuildFile section */

/* Begin PBXContainerItemProxy section */
		64CAA119217A46E900B24666 /* PBXContainerItemProxy */ = {
			isa = PBXContainerItemProxy;
			containerPortal = 64CAA0F9217A46E800B24666 /* Project object */;
			proxyType = 1;
			remoteGlobalIDString = 64CAA100217A46E800B24666;
			remoteInfo = NewsApplication;
		};
		64CAA124217A46E900B24666 /* PBXContainerItemProxy */ = {
			isa = PBXContainerItemProxy;
			containerPortal = 64CAA0F9217A46E800B24666 /* Project object */;
			proxyType = 1;
			remoteGlobalIDString = 64CAA100217A46E800B24666;
			remoteInfo = NewsApplication;
		};
/* End PBXContainerItemProxy section */

/* Begin PBXFileReference section */
		64CAA101217A46E800B24666 /* NewsApplication.app */ = {isa = PBXFileReference; explicitFileType = wrapper.application; includeInIndex = 0; path = NewsApplication.app; sourceTree = BUILT_PRODUCTS_DIR; };
		64CAA104217A46E800B24666 /* AppDelegate.swift */ = {isa = PBXFileReference; lastKnownFileType = sourcecode.swift; path = AppDelegate.swift; sourceTree = "<group>"; };
		64CAA106217A46E800B24666 /* ViewController.swift */ = {isa = PBXFileReference; lastKnownFileType = sourcecode.swift; path = ViewController.swift; sourceTree = "<group>"; };
		64CAA109217A46E800B24666 /* Base */ = {isa = PBXFileReference; lastKnownFileType = file.storyboard; name = Base; path = Base.lproj/Main.storyboard; sourceTree = "<group>"; };
		64CAA10C217A46E800B24666 /* NewsApplication.xcdatamodel */ = {isa = PBXFileReference; lastKnownFileType = wrapper.xcdatamodel; path = NewsApplication.xcdatamodel; sourceTree = "<group>"; };
		64CAA10E217A46E900B24666 /* Assets.xcassets */ = {isa = PBXFileReference; lastKnownFileType = folder.assetcatalog; path = Assets.xcassets; sourceTree = "<group>"; };
		64CAA111217A46E900B24666 /* Base */ = {isa = PBXFileReference; lastKnownFileType = file.storyboard; name = Base; path = Base.lproj/LaunchScreen.storyboard; sourceTree = "<group>"; };
		64CAA113217A46E900B24666 /* Info.plist */ = {isa = PBXFileReference; lastKnownFileType = text.plist.xml; path = Info.plist; sourceTree = "<group>"; };
		64CAA118217A46E900B24666 /* NewsApplicationTests.xctest */ = {isa = PBXFileReference; explicitFileType = wrapper.cfbundle; includeInIndex = 0; path = NewsApplicationTests.xctest; sourceTree = BUILT_PRODUCTS_DIR; };
		64CAA11C217A46E900B24666 /* NewsApplicationTests.swift */ = {isa = PBXFileReference; lastKnownFileType = sourcecode.swift; path = NewsApplicationTests.swift; sourceTree = "<group>"; };
		64CAA11E217A46E900B24666 /* Info.plist */ = {isa = PBXFileReference; lastKnownFileType = text.plist.xml; path = Info.plist; sourceTree = "<group>"; };
		64CAA123217A46E900B24666 /* NewsApplicationUITests.xctest */ = {isa = PBXFileReference; explicitFileType = wrapper.cfbundle; includeInIndex = 0; path = NewsApplicationUITests.xctest; sourceTree = BUILT_PRODUCTS_DIR; };
		64CAA127217A46E900B24666 /* NewsApplicationUITests.swift */ = {isa = PBXFileReference; lastKnownFileType = sourcecode.swift; path = NewsApplicationUITests.swift; sourceTree = "<group>"; };
		64CAA129217A46E900B24666 /* Info.plist */ = {isa = PBXFileReference; lastKnownFileType = text.plist.xml; path = Info.plist; sourceTree = "<group>"; };
/* End PBXFileReference section */

/* Begin PBXFrameworksBuildPhase section */
		64CAA0FE217A46E800B24666 /* Frameworks */ = {
			isa = PBXFrameworksBuildPhase;
			buildActionMask = 2147483647;
			files = (
			);
			runOnlyForDeploymentPostprocessing = 0;
		};
		64CAA115217A46E900B24666 /* Frameworks */ = {
			isa = PBXFrameworksBuildPhase;
			buildActionMask = 2147483647;
			files = (
			);
			runOnlyForDeploymentPostprocessing = 0;
		};
		64CAA120217A46E900B24666 /* Frameworks */ = {
			isa = PBXFrameworksBuildPhase;
			buildActionMask = 2147483647;
			files = (
			);
			runOnlyForDeploymentPostprocessing = 0;
		};
/* End PBXFrameworksBuildPhase section */

/* Begin PBXGroup section */
		64CAA0F8217A46E800B24666 = {
			isa = PBXGroup;
			children = (
				64CAA103217A46E800B24666 /* NewsApplication */,
				64CAA11B217A46E900B24666 /* NewsApplicationTests */,
				64CAA126217A46E900B24666 /* NewsApplicationUITests */,
				64CAA102217A46E800B24666 /* Products */,
			);
			sourceTree = "<group>";
		};
		64CAA102217A46E800B24666 /* Products */ = {
			isa = PBXGroup;
			children = (
				64CAA101217A46E800B24666 /* NewsApplication.app */,
				64CAA118217A46E900B24666 /* NewsApplicationTests.xctest */,
				64CAA123217A46E900B24666 /* NewsApplicationUITests.xctest */,
			);
			name = Products;
			sourceTree = "<group>";
		};
		64CAA103217A46E800B24666 /* NewsApplication */ = {
			isa = PBXGroup;
			children = (
				64CAA104217A46E800B24666 /* AppDelegate.swift */,
				64CAA106217A46E800B24666 /* ViewController.swift */,
				64CAA108217A46E800B24666 /* Main.storyboard */,
				64CAA10E217A46E900B24666 /* Assets.xcassets */,
				64CAA110217A46E900B24666 /* LaunchScreen.storyboard */,
				64CAA113217A46E900B24666 /* Info.plist */,
				64CAA10B217A46E800B24666 /* NewsApplication.xcdatamodeld */,
			);
			path = NewsApplication;
			sourceTree = "<group>";
		};
		64CAA11B217A46E900B24666 /* NewsApplicationTests */ = {
			isa = PBXGroup;
			children = (
				64CAA11C217A46E900B24666 /* NewsApplicationTests.swift */,
				64CAA11E217A46E900B24666 /* Info.plist */,
			);
			path = NewsApplicationTests;
			sourceTree = "<group>";
		};
		64CAA126217A46E900B24666 /* NewsApplicationUITests */ = {
			isa = PBXGroup;
			children = (
				64CAA127217A46E900B24666 /* NewsApplicationUITests.swift */,
				64CAA129217A46E900B24666 /* Info.plist */,
			);
			path = NewsApplicationUITests;
			sourceTree = "<group>";
		};
/* End PBXGroup section */

/* Begin PBXNativeTarget section */
		64CAA100217A46E800B24666 /* NewsApplication */ = {
			isa = PBXNativeTarget;
			buildConfigurationList = 64CAA12C217A46E900B24666 /* Build configuration list for PBXNativeTarget "NewsApplication" */;
			buildPhases = (
				64CAA0FD217A46E800B24666 /* Sources */,
				64CAA0FE217A46E800B24666 /* Frameworks */,
				64CAA0FF217A46E800B24666 /* Resources */,
			);
			buildRules = (
			);
			dependencies = (
			);
			name = NewsApplication;
			productName = NewsApplication;
			productReference = 64CAA101217A46E800B24666 /* NewsApplication.app */;
			productType = "com.apple.product-type.application";
		};
		64CAA117217A46E900B24666 /* NewsApplicationTests */ = {
			isa = PBXNativeTarget;
			buildConfigurationList = 64CAA12F217A46E900B24666 /* Build configuration list for PBXNativeTarget "NewsApplicationTests" */;
			buildPhases = (
				64CAA114217A46E900B24666 /* Sources */,
				64CAA115217A46E900B24666 /* Frameworks */,
				64CAA116217A46E900B24666 /* Resources */,
			);
			buildRules = (
			);
			dependencies = (
				64CAA11A217A46E900B24666 /* PBXTargetDependency */,
			);
			name = NewsApplicationTests;
			productName = NewsApplicationTests;
			productReference = 64CAA118217A46E900B24666 /* NewsApplicationTests.xctest */;
			productType = "com.apple.product-type.bundle.unit-test";
		};
		64CAA122217A46E900B24666 /* NewsApplicationUITests */ = {
			isa = PBXNativeTarget;
			buildConfigurationList = 64CAA132217A46E900B24666 /* Build configuration list for PBXNativeTarget "NewsApplicationUITests" */;
			buildPhases = (
				64CAA11F217A46E900B24666 /* Sources */,
				64CAA120217A46E900B24666 /* Frameworks */,
				64CAA121217A46E900B24666 /* Resources */,
			);
			buildRules = (
			);
			dependencies = (
				64CAA125217A46E900B24666 /* PBXTargetDependency */,
			);
			name = NewsApplicationUITests;
			productName = NewsApplicationUITests;
			productReference = 64CAA123217A46E900B24666 /* NewsApplicationUITests.xctest */;
			productType = "com.apple.product-type.bundle.ui-testing";
		};
/* End PBXNativeTarget section */

/* Begin PBXProject section */
		64CAA0F9217A46E800B24666 /* Project object */ = {
			isa = PBXProject;
			attributes = {
				LastSwiftUpdateCheck = 1000;
				LastUpgradeCheck = 1000;
				ORGANIZATIONNAME = "Kristine Otto";
				TargetAttributes = {
					64CAA100217A46E800B24666 = {
						CreatedOnToolsVersion = 10.0;
					};
					64CAA117217A46E900B24666 = {
						CreatedOnToolsVersion = 10.0;
						TestTargetID = 64CAA100217A46E800B24666;
					};
					64CAA122217A46E900B24666 = {
						CreatedOnToolsVersion = 10.0;
						TestTargetID = 64CAA100217A46E800B24666;
					};
				};
			};
			buildConfigurationList = 64CAA0FC217A46E800B24666 /* Build configuration list for PBXProject "NewsApplication" */;
			compatibilityVersion = "Xcode 9.3";
			developmentRegion = en;
			hasScannedForEncodings = 0;
			knownRegions = (
				en,
				Base,
			);
			mainGroup = 64CAA0F8217A46E800B24666;
			productRefGroup = 64CAA102217A46E800B24666 /* Products */;
			projectDirPath = "";
			projectRoot = "";
			targets = (
				64CAA100217A46E800B24666 /* NewsApplication */,
				64CAA117217A46E900B24666 /* NewsApplicationTests */,
				64CAA122217A46E900B24666 /* NewsApplicationUITests */,
			);
		};
/* End PBXProject section */

/* Begin PBXResourcesBuildPhase section */
		64CAA0FF217A46E800B24666 /* Resources */ = {
			isa = PBXResourcesBuildPhase;
			buildActionMask = 2147483647;
			files = (
				64CAA112217A46E900B24666 /* LaunchScreen.storyboard in Resources */,
				64CAA10F217A46E900B24666 /* Assets.xcassets in Resources */,
				64CAA10A217A46E800B24666 /* Main.storyboard in Resources */,
			);
			runOnlyForDeploymentPostprocessing = 0;
		};
		64CAA116217A46E900B24666 /* Resources */ = {
			isa = PBXResourcesBuildPhase;
			buildActionMask = 2147483647;
			files = (
			);
			runOnlyForDeploymentPostprocessing = 0;
		};
		64CAA121217A46E900B24666 /* Resources */ = {
			isa = PBXResourcesBuildPhase;
			buildActionMask = 2147483647;
			files = (
			);
			runOnlyForDeploymentPostprocessing = 0;
		};
/* End PBXResourcesBuildPhase section */

/* Begin PBXSourcesBuildPhase section */
		64CAA0FD217A46E800B24666 /* Sources */ = {
			isa = PBXSourcesBuildPhase;
			buildActionMask = 2147483647;
			files = (
				64CAA107217A46E800B24666 /* ViewController.swift in Sources */,
				64CAA105217A46E800B24666 /* AppDelegate.swift in Sources */,
				64CAA10D217A46E800B24666 /* NewsApplication.xcdatamodeld in Sources */,
			);
			runOnlyForDeploymentPostprocessing = 0;
		};
		64CAA114217A46E900B24666 /* Sources */ = {
			isa = PBXSourcesBuildPhase;
			buildActionMask = 2147483647;
			files = (
				64CAA11D217A46E900B24666 /* NewsApplicationTests.swift in Sources */,
			);
			runOnlyForDeploymentPostprocessing = 0;
		};
		64CAA11F217A46E900B24666 /* Sources */ = {
			isa = PBXSourcesBuildPhase;
			buildActionMask = 2147483647;
			files = (
				64CAA128217A46E900B24666 /* NewsApplicationUITests.swift in Sources */,
			);
			runOnlyForDeploymentPostprocessing = 0;
		};
/* End PBXSourcesBuildPhase section */

/* Begin PBXTargetDependency section */
		64CAA11A217A46E900B24666 /* PBXTargetDependency */ = {
			isa = PBXTargetDependency;
			target = 64CAA100217A46E800B24666 /* NewsApplication */;
			targetProxy = 64CAA119217A46E900B24666 /* PBXContainerItemProxy */;
		};
		64CAA125217A46E900B24666 /* PBXTargetDependency */ = {
			isa = PBXTargetDependency;
			target = 64CAA100217A46E800B24666 /* NewsApplication */;
			targetProxy = 64CAA124217A46E900B24666 /* PBXContainerItemProxy */;
		};
/* End PBXTargetDependency section */

/* Begin PBXVariantGroup section */
		64CAA108217A46E800B24666 /* Main.storyboard */ = {
			isa = PBXVariantGroup;
			children = (
				64CAA109217A46E800B24666 /* Base */,
			);
			name = Main.storyboard;
			sourceTree = "<group>";
		};
		64CAA110217A46E900B24666 /* LaunchScreen.storyboard */ = {
			isa = PBXVariantGroup;
			children = (
				64CAA111217A46E900B24666 /* Base */,
			);
			name = LaunchScreen.storyboard;
			sourceTree = "<group>";
		};
/* End PBXVariantGroup section */

/* Begin XCBuildConfiguration section */
		64CAA12A217A46E900B24666 /* Debug */ = {
			isa = XCBuildConfiguration;
			buildSettings = {
				ALWAYS_SEARCH_USER_PATHS = NO;
				CLANG_ANALYZER_NONNULL = YES;
				CLANG_ANALYZER_NUMBER_OBJECT_CONVERSION = YES_AGGRESSIVE;
				CLANG_CXX_LANGUAGE_STANDARD = "gnu++14";
				CLANG_CXX_LIBRARY = "libc++";
				CLANG_ENABLE_MODULES = YES;
				CLANG_ENABLE_OBJC_ARC = YES;
				CLANG_ENABLE_OBJC_WEAK = YES;
				CLANG_WARN_BLOCK_CAPTURE_AUTORELEASING = YES;
				CLANG_WARN_BOOL_CONVERSION = YES;
				CLANG_WARN_COMMA = YES;
				CLANG_WARN_CONSTANT_CONVERSION = YES;
				CLANG_WARN_DEPRECATED_OBJC_IMPLEMENTATIONS = YES;
				CLANG_WARN_DIRECT_OBJC_ISA_USAGE = YES_ERROR;
				CLANG_WARN_DOCUMENTATION_COMMENTS = YES;
				CLANG_WARN_EMPTY_BODY = YES;
				CLANG_WARN_ENUM_CONVERSION = YES;
				CLANG_WARN_INFINITE_RECURSION = YES;
				CLANG_WARN_INT_CONVERSION = YES;
				CLANG_WARN_NON_LITERAL_NULL_CONVERSION = YES;
				CLANG_WARN_OBJC_IMPLICIT_RETAIN_SELF = YES;
				CLANG_WARN_OBJC_LITERAL_CONVERSION = YES;
				CLANG_WARN_OBJC_ROOT_CLASS = YES_ERROR;
				CLANG_WARN_RANGE_LOOP_ANALYSIS = YES;
				CLANG_WARN_STRICT_PROTOTYPES = YES;
				CLANG_WARN_SUSPICIOUS_MOVE = YES;
				CLANG_WARN_UNGUARDED_AVAILABILITY = YES_AGGRESSIVE;
				CLANG_WARN_UNREACHABLE_CODE = YES;
				CLANG_WARN__DUPLICATE_METHOD_MATCH = YES;
				CODE_SIGN_IDENTITY = "iPhone Developer";
				COPY_PHASE_STRIP = NO;
				DEBUG_INFORMATION_FORMAT = dwarf;
				ENABLE_STRICT_OBJC_MSGSEND = YES;
				ENABLE_TESTABILITY = YES;
				GCC_C_LANGUAGE_STANDARD = gnu11;
				GCC_DYNAMIC_NO_PIC = NO;
				GCC_NO_COMMON_BLOCKS = YES;
				GCC_OPTIMIZATION_LEVEL = 0;
				GCC_PREPROCESSOR_DEFINITIONS = (
					"DEBUG=1",
					"$(inherited)",
				);
				GCC_WARN_64_TO_32_BIT_CONVERSION = YES;
				GCC_WARN_ABOUT_RETURN_TYPE = YES_ERROR;
				GCC_WARN_UNDECLARED_SELECTOR = YES;
				GCC_WARN_UNINITIALIZED_AUTOS = YES_AGGRESSIVE;
				GCC_WARN_UNUSED_FUNCTION = YES;
				GCC_WARN_UNUSED_VARIABLE = YES;
				IPHONEOS_DEPLOYMENT_TARGET = 12.0;
				MTL_ENABLE_DEBUG_INFO = INCLUDE_SOURCE;
				MTL_FAST_MATH = YES;
				ONLY_ACTIVE_ARCH = YES;
				SDKROOT = iphoneos;
				SWIFT_ACTIVE_COMPILATION_CONDITIONS = DEBUG;
				SWIFT_OPTIMIZATION_LEVEL = "-Onone";
			};
			name = Debug;
		};
		64CAA12B217A46E900B24666 /* Release */ = {
			isa = XCBuildConfiguration;
			buildSettings = {
				ALWAYS_SEARCH_USER_PATHS = NO;
				CLANG_ANALYZER_NONNULL = YES;
				CLANG_ANALYZER_NUMBER_OBJECT_CONVERSION = YES_AGGRESSIVE;
				CLANG_CXX_LANGUAGE_STANDARD = "gnu++14";
				CLANG_CXX_LIBRARY = "libc++";
				CLANG_ENABLE_MODULES = YES;
				CLANG_ENABLE_OBJC_ARC = YES;
				CLANG_ENABLE_OBJC_WEAK = YES;
				CLANG_WARN_BLOCK_CAPTURE_AUTORELEASING = YES;
				CLANG_WARN_BOOL_CONVERSION = YES;
				CLANG_WARN_COMMA = YES;
				CLANG_WARN_CONSTANT_CONVERSION = YES;
				CLANG_WARN_DEPRECATED_OBJC_IMPLEMENTATIONS = YES;
				CLANG_WARN_DIRECT_OBJC_ISA_USAGE = YES_ERROR;
				CLANG_WARN_DOCUMENTATION_COMMENTS = YES;
				CLANG_WARN_EMPTY_BODY = YES;
				CLANG_WARN_ENUM_CONVERSION = YES;
				CLANG_WARN_INFINITE_RECURSION = YES;
				CLANG_WARN_INT_CONVERSION = YES;
				CLANG_WARN_NON_LITERAL_NULL_CONVERSION = YES;
				CLANG_WARN_OBJC_IMPLICIT_RETAIN_SELF = YES;
				CLANG_WARN_OBJC_LITERAL_CONVERSION = YES;
				CLANG_WARN_OBJC_ROOT_CLASS = YES_ERROR;
				CLANG_WARN_RANGE_LOOP_ANALYSIS = YES;
				CLANG_WARN_STRICT_PROTOTYPES = YES;
				CLANG_WARN_SUSPICIOUS_MOVE = YES;
				CLANG_WARN_UNGUARDED_AVAILABILITY = YES_AGGRESSIVE;
				CLANG_WARN_UNREACHABLE_CODE = YES;
				CLANG_WARN__DUPLICATE_METHOD_MATCH = YES;
				CODE_SIGN_IDENTITY = "iPhone Developer";
				COPY_PHASE_STRIP = NO;
				DEBUG_INFORMATION_FORMAT = "dwarf-with-dsym";
				ENABLE_NS_ASSERTIONS = NO;
				ENABLE_STRICT_OBJC_MSGSEND = YES;
				GCC_C_LANGUAGE_STANDARD = gnu11;
				GCC_NO_COMMON_BLOCKS = YES;
				GCC_WARN_64_TO_32_BIT_CONVERSION = YES;
				GCC_WARN_ABOUT_RETURN_TYPE = YES_ERROR;
				GCC_WARN_UNDECLARED_SELECTOR = YES;
				GCC_WARN_UNINITIALIZED_AUTOS = YES_AGGRESSIVE;
				GCC_WARN_UNUSED_FUNCTION = YES;
				GCC_WARN_UNUSED_VARIABLE = YES;
				IPHONEOS_DEPLOYMENT_TARGET = 12.0;
				MTL_ENABLE_DEBUG_INFO = NO;
				MTL_FAST_MATH = YES;
				SDKROOT = iphoneos;
				SWIFT_COMPILATION_MODE = wholemodule;
				SWIFT_OPTIMIZATION_LEVEL = "-O";
				VALIDATE_PRODUCT = YES;
			};
			name = Release;
		};
		64CAA12D217A46E900B24666 /* Debug */ = {
			isa = XCBuildConfiguration;
			buildSettings = {
				ASSETCATALOG_COMPILER_APPICON_NAME = AppIcon;
				CODE_SIGN_STYLE = Automatic;
				DEVELOPMENT_TEAM = 25JZKQ2C55;
				INFOPLIST_FILE = NewsApplication/Info.plist;
				LD_RUNPATH_SEARCH_PATHS = (
					"$(inherited)",
					"@executable_path/Frameworks",
				);
				PRODUCT_BUNDLE_IDENTIFIER = kristineotto.NewsApplication;
				PRODUCT_NAME = "$(TARGET_NAME)";
				SWIFT_VERSION = 4.2;
				TARGETED_DEVICE_FAMILY = "1,2";
			};
			name = Debug;
		};
		64CAA12E217A46E900B24666 /* Release */ = {
			isa = XCBuildConfiguration;
			buildSettings = {
				ASSETCATALOG_COMPILER_APPICON_NAME = AppIcon;
				CODE_SIGN_STYLE = Automatic;
				DEVELOPMENT_TEAM = 25JZKQ2C55;
				INFOPLIST_FILE = NewsApplication/Info.plist;
				LD_RUNPATH_SEARCH_PATHS = (
					"$(inherited)",
					"@executable_path/Frameworks",
				);
				PRODUCT_BUNDLE_IDENTIFIER = kristineotto.NewsApplication;
				PRODUCT_NAME = "$(TARGET_NAME)";
				SWIFT_VERSION = 4.2;
				TARGETED_DEVICE_FAMILY = "1,2";
			};
			name = Release;
		};
		64CAA130217A46E900B24666 /* Debug */ = {
			isa = XCBuildConfiguration;
			buildSettings = {
				ALWAYS_EMBED_SWIFT_STANDARD_LIBRARIES = YES;
				BUNDLE_LOADER = "$(TEST_HOST)";
				CODE_SIGN_STYLE = Automatic;
				DEVELOPMENT_TEAM = 25JZKQ2C55;
				INFOPLIST_FILE = NewsApplicationTests/Info.plist;
				LD_RUNPATH_SEARCH_PATHS = (
					"$(inherited)",
					"@executable_path/Frameworks",
					"@loader_path/Frameworks",
				);
				PRODUCT_BUNDLE_IDENTIFIER = kristineotto.NewsApplicationTests;
				PRODUCT_NAME = "$(TARGET_NAME)";
				SWIFT_VERSION = 4.2;
				TARGETED_DEVICE_FAMILY = "1,2";
				TEST_HOST = "$(BUILT_PRODUCTS_DIR)/NewsApplication.app/NewsApplication";
			};
			name = Debug;
		};
		64CAA131217A46E900B24666 /* Release */ = {
			isa = XCBuildConfiguration;
			buildSettings = {
				ALWAYS_EMBED_SWIFT_STANDARD_LIBRARIES = YES;
				BUNDLE_LOADER = "$(TEST_HOST)";
				CODE_SIGN_STYLE = Automatic;
				DEVELOPMENT_TEAM = 25JZKQ2C55;
				INFOPLIST_FILE = NewsApplicationTests/Info.plist;
				LD_RUNPATH_SEARCH_PATHS = (
					"$(inherited)",
					"@executable_path/Frameworks",
					"@loader_path/Frameworks",
				);
				PRODUCT_BUNDLE_IDENTIFIER = kristineotto.NewsApplicationTests;
				PRODUCT_NAME = "$(TARGET_NAME)";
				SWIFT_VERSION = 4.2;
				TARGETED_DEVICE_FAMILY = "1,2";
				TEST_HOST = "$(BUILT_PRODUCTS_DIR)/NewsApplication.app/NewsApplication";
			};
			name = Release;
		};
		64CAA133217A46E900B24666 /* Debug */ = {
			isa = XCBuildConfiguration;
			buildSettings = {
				ALWAYS_EMBED_SWIFT_STANDARD_LIBRARIES = YES;
				CODE_SIGN_STYLE = Automatic;
				DEVELOPMENT_TEAM = 25JZKQ2C55;
				INFOPLIST_FILE = NewsApplicationUITests/Info.plist;
				LD_RUNPATH_SEARCH_PATHS = (
					"$(inherited)",
					"@executable_path/Frameworks",
					"@loader_path/Frameworks",
				);
				PRODUCT_BUNDLE_IDENTIFIER = kristineotto.NewsApplicationUITests;
				PRODUCT_NAME = "$(TARGET_NAME)";
				SWIFT_VERSION = 4.2;
				TARGETED_DEVICE_FAMILY = "1,2";
				TEST_TARGET_NAME = NewsApplication;
			};
			name = Debug;
		};
		64CAA134217A46E900B24666 /* Release */ = {
			isa = XCBuildConfiguration;
			buildSettings = {
				ALWAYS_EMBED_SWIFT_STANDARD_LIBRARIES = YES;
				CODE_SIGN_STYLE = Automatic;
				DEVELOPMENT_TEAM = 25JZKQ2C55;
				INFOPLIST_FILE = NewsApplicationUITests/Info.plist;
				LD_RUNPATH_SEARCH_PATHS = (
					"$(inherited)",
					"@executable_path/Frameworks",
					"@loader_path/Frameworks",
				);
				PRODUCT_BUNDLE_IDENTIFIER = kristineotto.NewsApplicationUITests;
				PRODUCT_NAME = "$(TARGET_NAME)";
				SWIFT_VERSION = 4.2;
				TARGETED_DEVICE_FAMILY = "1,2";
				TEST_TARGET_NAME = NewsApplication;
			};
			name = Release;
		};
/* End XCBuildConfiguration section */

/* Begin XCConfigurationList section */
		64CAA0FC217A46E800B24666 /* Build configuration list for PBXProject "NewsApplication" */ = {
			isa = XCConfigurationList;
			buildConfigurations = (
				64CAA12A217A46E900B24666 /* Debug */,
				64CAA12B217A46E900B24666 /* Release */,
			);
			defaultConfigurationIsVisible = 0;
			defaultConfigurationName = Release;
		};
		64CAA12C217A46E900B24666 /* Build configuration list for PBXNativeTarget "NewsApplication" */ = {
			isa = XCConfigurationList;
			buildConfigurations = (
				64CAA12D217A46E900B24666 /* Debug */,
				64CAA12E217A46E900B24666 /* Release */,
			);
			defaultConfigurationIsVisible = 0;
			defaultConfigurationName = Release;
		};
		64CAA12F217A46E900B24666 /* Build configuration list for PBXNativeTarget "NewsApplicationTests" */ = {
			isa = XCConfigurationList;
			buildConfigurations = (
				64CAA130217A46E900B24666 /* Debug */,
				64CAA131217A46E900B24666 /* Release */,
			);
			defaultConfigurationIsVisible = 0;
			defaultConfigurationName = Release;
		};
		64CAA132217A46E900B24666 /* Build configuration list for PBXNativeTarget "NewsApplicationUITests" */ = {
			isa = XCConfigurationList;
			buildConfigurations = (
				64CAA133217A46E900B24666 /* Debug */,
				64CAA134217A46E900B24666 /* Release */,
			);
			defaultConfigurationIsVisible = 0;
			defaultConfigurationName = Release;
		};
/* End XCConfigurationList section */

/* Begin XCVersionGroup section */
		64CAA10B217A46E800B24666 /* NewsApplication.xcdatamodeld */ = {
			isa = XCVersionGroup;
			children = (
				64CAA10C217A46E800B24666 /* NewsApplication.xcdatamodel */,
			);
			currentVersion = 64CAA10C217A46E800B24666 /* NewsApplication.xcdatamodel */;
			path = NewsApplication.xcdatamodeld;
			sourceTree = "<group>";
			versionGroupType = wrapper.xcdatamodel;
		};
/* End XCVersionGroup section */
	};
	rootObject = 64CAA0F9217A46E800B24666 /* Project object */;
}
